
Microsoft Visual Studio Solution File, Format Version 12.00
# Visual Studio 15
VisualStudioVersion = 15.0.28307.572
MinimumVisualStudioVersion = 10.0.40219.1
Project("{FAE04EC0-301F-11D3-BF4B-00C04F79EFBC}") = "MyClient", "MyClient\MyClient.csproj", "{63B81470-CECC-42C8-8C38-054E6DADC82D}"
EndProject
Global
	GlobalSection(SolutionConfigurationPlatforms) = preSolution
		Debug|Any CPU = Debug|Any CPU
		Release|Any CPU = Release|Any CPU
	EndGlobalSection
	GlobalSection(ProjectConfigurationPlatforms) = postSolution
		{63B81470-CECC-42C8-8C38-054E6DADC82D}.Debug|Any CPU.ActiveCfg = Debug|Any CPU
		{63B81470-CECC-42C8-8C38-054E6DADC82D}.Debug|Any CPU.Build.0 = Debug|Any CPU
		{63B81470-CECC-42C8-8C38-054E6DADC82D}.Release|Any CPU.ActiveCfg = Release|Any CPU
		{63B81470-CECC-42C8-8C38-054E6DADC82D}.Release|Any CPU.Build.0 = Release|Any CPU
	EndGlobalSection
	GlobalSection(SolutionProperties) = preSolution
		HideSolutionNode = FALSE
	EndGlobalSection
	GlobalSection(ExtensibilityGlobals) = postSolution
		SolutionGuid = {89F112CD-1CDF-4401-8EEF-67C2EC7BB36E}
	EndGlobalSection
EndGlobal
