
Microsoft Visual Studio Solution File, Format Version 12.00
# Visual Studio 15
VisualStudioVersion = 15.0.28307.572
MinimumVisualStudioVersion = 10.0.40219.1
Project("{FAE04EC0-301F-11D3-BF4B-00C04F79EFBC}") = "3-. Decisions", "3-. Decisions\3-. Decisions.csproj", "{4121C2D3-2BE1-4D36-BBB5-113C54C00CCA}"
EndProject
Global
	GlobalSection(SolutionConfigurationPlatforms) = preSolution
		Debug|Any CPU = Debug|Any CPU
		Release|Any CPU = Release|Any CPU
	EndGlobalSection
	GlobalSection(ProjectConfigurationPlatforms) = postSolution
		{4121C2D3-2BE1-4D36-BBB5-113C54C00CCA}.Debug|Any CPU.ActiveCfg = Debug|Any CPU
		{4121C2D3-2BE1-4D36-BBB5-113C54C00CCA}.Debug|Any CPU.Build.0 = Debug|Any CPU
		{4121C2D3-2BE1-4D36-BBB5-113C54C00CCA}.Release|Any CPU.ActiveCfg = Release|Any CPU
		{4121C2D3-2BE1-4D36-BBB5-113C54C00CCA}.Release|Any CPU.Build.0 = Release|Any CPU
	EndGlobalSection
	GlobalSection(SolutionProperties) = preSolution
		HideSolutionNode = FALSE
	EndGlobalSection
	GlobalSection(ExtensibilityGlobals) = postSolution
		SolutionGuid = {42F4B473-8B40-4914-AEFA-A2A26F8C0D1F}
	EndGlobalSection
EndGlobal
